// !$*UTF8*$!
{
	archiveVersion = 1;
	classes = {
	};
	objectVersion = 56;
	objects = {

/* Begin PBXBuildFile section */
		40EDB80F29652B270013A291 /* TestDoublesApp.swift in Sources */ = {isa = PBXBuildFile; fileRef = 40EDB80E29652B270013A291 /* TestDoublesApp.swift */; };
		40EDB81129652B270013A291 /* ViewModel.swift in Sources */ = {isa = PBXBuildFile; fileRef = 40EDB81029652B270013A291 /* ViewModel.swift */; };
		40EDB81329652B280013A291 /* Assets.xcassets in Resources */ = {isa = PBXBuildFile; fileRef = 40EDB81229652B280013A291 /* Assets.xcassets */; };
		40EDB81629652B280013A291 /* Preview Assets.xcassets in Resources */ = {isa = PBXBuildFile; fileRef = 40EDB81529652B280013A291 /* Preview Assets.xcassets */; };
		40EDB82029652B280013A291 /* LoginViewModelTests.swift in Sources */ = {isa = PBXBuildFile; fileRef = 40EDB81F29652B280013A291 /* LoginViewModelTests.swift */; };
/* End PBXBuildFile section */

/* Begin PBXContainerItemProxy section */
		40EDB81C29652B280013A291 /* PBXContainerItemProxy */ = {
			isa = PBXContainerItemProxy;
			containerPortal = 40EDB80329652B270013A291 /* Project object */;
			proxyType = 1;
			remoteGlobalIDString = 40EDB80A29652B270013A291;
			remoteInfo = TestDoubles;
		};
/* End PBXContainerItemProxy section */

/* Begin PBXFileReference section */
		40EDB80B29652B270013A291 /* TestDoubles.app */ = {isa = PBXFileReference; explicitFileType = wrapper.application; includeInIndex = 0; path = TestDoubles.app; sourceTree = BUILT_PRODUCTS_DIR; };
		40EDB80E29652B270013A291 /* TestDoublesApp.swift */ = {isa = PBXFileReference; lastKnownFileType = sourcecode.swift; path = TestDoublesApp.swift; sourceTree = "<group>"; };
		40EDB81029652B270013A291 /* ViewModel.swift */ = {isa = PBXFileReference; lastKnownFileType = sourcecode.swift; path = ViewModel.swift; sourceTree = "<group>"; };
		40EDB81229652B280013A291 /* Assets.xcassets */ = {isa = PBXFileReference; lastKnownFileType = folder.assetcatalog; path = Assets.xcassets; sourceTree = "<group>"; };
		40EDB81529652B280013A291 /* Preview Assets.xcassets */ = {isa = PBXFileReference; lastKnownFileType = folder.assetcatalog; path = "Preview Assets.xcassets"; sourceTree = "<group>"; };
		40EDB81B29652B280013A291 /* TestDoublesTests.xctest */ = {isa = PBXFileReference; explicitFileType = wrapper.cfbundle; includeInIndex = 0; path = TestDoublesTests.xctest; sourceTree = BUILT_PRODUCTS_DIR; };
		40EDB81F29652B280013A291 /* LoginViewModelTests.swift */ = {isa = PBXFileReference; lastKnownFileType = sourcecode.swift; path = LoginViewModelTests.swift; sourceTree = "<group>"; };
/* End PBXFileReference section */

/* Begin PBXFrameworksBuildPhase section */
		40EDB80829652B270013A291 /* Frameworks */ = {
			isa = PBXFrameworksBuildPhase;
			buildActionMask = 2147483647;
			files = (
			);
			runOnlyForDeploymentPostprocessing = 0;
		};
		40EDB81829652B280013A291 /* Frameworks */ = {
			isa = PBXFrameworksBuildPhase;
			buildActionMask = 2147483647;
			files = (
			);
			runOnlyForDeploymentPostprocessing = 0;
		};
/* End PBXFrameworksBuildPhase section */

/* Begin PBXGroup section */
		40EDB80229652B270013A291 = {
			isa = PBXGroup;
			children = (
				40EDB80D29652B270013A291 /* TestDoubles */,
				40EDB81E29652B280013A291 /* TestDoublesTests */,
				40EDB80C29652B270013A291 /* Products */,
			);
			sourceTree = "<group>";
		};
		40EDB80C29652B270013A291 /* Products */ = {
			isa = PBXGroup;
			children = (
				40EDB80B29652B270013A291 /* TestDoubles.app */,
				40EDB81B29652B280013A291 /* TestDoublesTests.xctest */,
			);
			name = Products;
			sourceTree = "<group>";
		};
		40EDB80D29652B270013A291 /* TestDoubles */ = {
			isa = PBXGroup;
			children = (
				40EDB80E29652B270013A291 /* TestDoublesApp.swift */,
				40EDB81029652B270013A291 /* ViewModel.swift */,
				40EDB81229652B280013A291 /* Assets.xcassets */,
				40EDB81429652B280013A291 /* Preview Content */,
			);
			path = TestDoubles;
			sourceTree = "<group>";
		};
		40EDB81429652B280013A291 /* Preview Content */ = {
			isa = PBXGroup;
			children = (
				40EDB81529652B280013A291 /* Preview Assets.xcassets */,
			);
			path = "Preview Content";
			sourceTree = "<group>";
		};
		40EDB81E29652B280013A291 /* TestDoublesTests */ = {
			isa = PBXGroup;
			children = (
				40EDB81F29652B280013A291 /* LoginViewModelTests.swift */,
			);
			path = TestDoublesTests;
			sourceTree = "<group>";
		};
/* End PBXGroup section */

/* Begin PBXNativeTarget section */
		40EDB80A29652B270013A291 /* TestDoubles */ = {
			isa = PBXNativeTarget;
			buildConfigurationList = 40EDB82F29652B280013A291 /* Build configuration list for PBXNativeTarget "TestDoubles" */;
			buildPhases = (
				40EDB80729652B270013A291 /* Sources */,
				40EDB80829652B270013A291 /* Frameworks */,
				40EDB80929652B270013A291 /* Resources */,
			);
			buildRules = (
			);
			dependencies = (
			);
			name = TestDoubles;
			productName = TestDoubles;
			productReference = 40EDB80B29652B270013A291 /* TestDoubles.app */;
			productType = "com.apple.product-type.application";
		};
		40EDB81A29652B280013A291 /* TestDoublesTests */ = {
			isa = PBXNativeTarget;
			buildConfigurationList = 40EDB83229652B280013A291 /* Build configuration list for PBXNativeTarget "TestDoublesTests" */;
			buildPhases = (
				40EDB81729652B280013A291 /* Sources */,
				40EDB81829652B280013A291 /* Frameworks */,
				40EDB81929652B280013A291 /* Resources */,
			);
			buildRules = (
			);
			dependencies = (
				40EDB81D29652B280013A291 /* PBXTargetDependency */,
			);
			name = TestDoublesTests;
			productName = TestDoublesTests;
			productReference = 40EDB81B29652B280013A291 /* TestDoublesTests.xctest */;
			productType = "com.apple.product-type.bundle.unit-test";
		};
/* End PBXNativeTarget section */

/* Begin PBXProject section */
		40EDB80329652B270013A291 /* Project object */ = {
			isa = PBXProject;
			attributes = {
				BuildIndependentTargetsInParallel = 1;
				LastSwiftUpdateCheck = 1420;
				LastUpgradeCheck = 1420;
				TargetAttributes = {
					40EDB80A29652B270013A291 = {
						CreatedOnToolsVersion = 14.2;
					};
					40EDB81A29652B280013A291 = {
						CreatedOnToolsVersion = 14.2;
						TestTargetID = 40EDB80A29652B270013A291;
					};
				};
			};
			buildConfigurationList = 40EDB80629652B270013A291 /* Build configuration list for PBXProject "TestDoubles" */;
			compatibilityVersion = "Xcode 14.0";
			developmentRegion = en;
			hasScannedForEncodings = 0;
			knownRegions = (
				en,
				Base,
			);
			mainGroup = 40EDB80229652B270013A291;
			productRefGroup = 40EDB80C29652B270013A291 /* Products */;
			projectDirPath = "";
			projectRoot = "";
			targets = (
				40EDB80A29652B270013A291 /* TestDoubles */,
				40EDB81A29652B280013A291 /* TestDoublesTests */,
			);
		};
/* End PBXProject section */

/* Begin PBXResourcesBuildPhase section */
		40EDB80929652B270013A291 /* Resources */ = {
			isa = PBXResourcesBuildPhase;
			buildActionMask = 2147483647;
			files = (
				40EDB81629652B280013A291 /* Preview Assets.xcassets in Resources */,
				40EDB81329652B280013A291 /* Assets.xcassets in Resources */,
			);
			runOnlyForDeploymentPostprocessing = 0;
		};
		40EDB81929652B280013A291 /* Resources */ = {
			isa = PBXResourcesBuildPhase;
			buildActionMask = 2147483647;
			files = (
			);
			runOnlyForDeploymentPostprocessing = 0;
		};
/* End PBXResourcesBuildPhase section */

/* Begin PBXSourcesBuildPhase section */
		40EDB80729652B270013A291 /* Sources */ = {
			isa = PBXSourcesBuildPhase;
			buildActionMask = 2147483647;
			files = (
				40EDB81129652B270013A291 /* ViewModel.swift in Sources */,
				40EDB80F29652B270013A291 /* TestDoublesApp.swift in Sources */,
			);
			runOnlyForDeploymentPostprocessing = 0;
		};
		40EDB81729652B280013A291 /* Sources */ = {
			isa = PBXSourcesBuildPhase;
			buildActionMask = 2147483647;
			files = (
				40EDB82029652B280013A291 /* LoginViewModelTests.swift in Sources */,
			);
			runOnlyForDeploymentPostprocessing = 0;
		};
/* End PBXSourcesBuildPhase section */

/* Begin PBXTargetDependency section */
		40EDB81D29652B280013A291 /* PBXTargetDependency */ = {
			isa = PBXTargetDependency;
			target = 40EDB80A29652B270013A291 /* TestDoubles */;
			targetProxy = 40EDB81C29652B280013A291 /* PBXContainerItemProxy */;
		};
/* End PBXTargetDependency section */

/* Begin XCBuildConfiguration section */
		40EDB82D29652B280013A291 /* Debug */ = {
			isa = XCBuildConfiguration;
			buildSettings = {
				ALWAYS_SEARCH_USER_PATHS = NO;
				CLANG_ANALYZER_NONNULL = YES;
				CLANG_ANALYZER_NUMBER_OBJECT_CONVERSION = YES_AGGRESSIVE;
				CLANG_CXX_LANGUAGE_STANDARD = "gnu++20";
				CLANG_ENABLE_MODULES = YES;
				CLANG_ENABLE_OBJC_ARC = YES;
				CLANG_ENABLE_OBJC_WEAK = YES;
				CLANG_WARN_BLOCK_CAPTURE_AUTORELEASING = YES;
				CLANG_WARN_BOOL_CONVERSION = YES;
				CLANG_WARN_COMMA = YES;
				CLANG_WARN_CONSTANT_CONVERSION = YES;
				CLANG_WARN_DEPRECATED_OBJC_IMPLEMENTATIONS = YES;
				CLANG_WARN_DIRECT_OBJC_ISA_USAGE = YES_ERROR;
				CLANG_WARN_DOCUMENTATION_COMMENTS = YES;
				CLANG_WARN_EMPTY_BODY = YES;
				CLANG_WARN_ENUM_CONVERSION = YES;
				CLANG_WARN_INFINITE_RECURSION = YES;
				CLANG_WARN_INT_CONVERSION = YES;
				CLANG_WARN_NON_LITERAL_NULL_CONVERSION = YES;
				CLANG_WARN_OBJC_IMPLICIT_RETAIN_SELF = YES;
				CLANG_WARN_OBJC_LITERAL_CONVERSION = YES;
				CLANG_WARN_OBJC_ROOT_CLASS = YES_ERROR;
				CLANG_WARN_QUOTED_INCLUDE_IN_FRAMEWORK_HEADER = YES;
				CLANG_WARN_RANGE_LOOP_ANALYSIS = YES;
				CLANG_WARN_STRICT_PROTOTYPES = YES;
				CLANG_WARN_SUSPICIOUS_MOVE = YES;
				CLANG_WARN_UNGUARDED_AVAILABILITY = YES_AGGRESSIVE;
				CLANG_WARN_UNREACHABLE_CODE = YES;
				CLANG_WARN__DUPLICATE_METHOD_MATCH = YES;
				COPY_PHASE_STRIP = NO;
				DEBUG_INFORMATION_FORMAT = dwarf;
				ENABLE_STRICT_OBJC_MSGSEND = YES;
				ENABLE_TESTABILITY = YES;
				GCC_C_LANGUAGE_STANDARD = gnu11;
				GCC_DYNAMIC_NO_PIC = NO;
				GCC_NO_COMMON_BLOCKS = YES;
				GCC_OPTIMIZATION_LEVEL = 0;
				GCC_PREPROCESSOR_DEFINITIONS = (
					"DEBUG=1",
					"$(inherited)",
				);
				GCC_WARN_64_TO_32_BIT_CONVERSION = YES;
				GCC_WARN_ABOUT_RETURN_TYPE = YES_ERROR;
				GCC_WARN_UNDECLARED_SELECTOR = YES;
				GCC_WARN_UNINITIALIZED_AUTOS = YES_AGGRESSIVE;
				GCC_WARN_UNUSED_FUNCTION = YES;
				GCC_WARN_UNUSED_VARIABLE = YES;
				IPHONEOS_DEPLOYMENT_TARGET = 16.2;
				MTL_ENABLE_DEBUG_INFO = INCLUDE_SOURCE;
				MTL_FAST_MATH = YES;
				ONLY_ACTIVE_ARCH = YES;
				SDKROOT = iphoneos;
				SWIFT_ACTIVE_COMPILATION_CONDITIONS = DEBUG;
				SWIFT_OPTIMIZATION_LEVEL = "-Onone";
			};
			name = Debug;
		};
		40EDB82E29652B280013A291 /* Release */ = {
			isa = XCBuildConfiguration;
			buildSettings = {
				ALWAYS_SEARCH_USER_PATHS = NO;
				CLANG_ANALYZER_NONNULL = YES;
				CLANG_ANALYZER_NUMBER_OBJECT_CONVERSION = YES_AGGRESSIVE;
				CLANG_CXX_LANGUAGE_STANDARD = "gnu++20";
				CLANG_ENABLE_MODULES = YES;
				CLANG_ENABLE_OBJC_ARC = YES;
				CLANG_ENABLE_OBJC_WEAK = YES;
				CLANG_WARN_BLOCK_CAPTURE_AUTORELEASING = YES;
				CLANG_WARN_BOOL_CONVERSION = YES;
				CLANG_WARN_COMMA = YES;
				CLANG_WARN_CONSTANT_CONVERSION = YES;
				CLANG_WARN_DEPRECATED_OBJC_IMPLEMENTATIONS = YES;
				CLANG_WARN_DIRECT_OBJC_ISA_USAGE = YES_ERROR;
				CLANG_WARN_DOCUMENTATION_COMMENTS = YES;
				CLANG_WARN_EMPTY_BODY = YES;
				CLANG_WARN_ENUM_CONVERSION = YES;
				CLANG_WARN_INFINITE_RECURSION = YES;
				CLANG_WARN_INT_CONVERSION = YES;
				CLANG_WARN_NON_LITERAL_NULL_CONVERSION = YES;
				CLANG_WARN_OBJC_IMPLICIT_RETAIN_SELF = YES;
				CLANG_WARN_OBJC_LITERAL_CONVERSION = YES;
				CLANG_WARN_OBJC_ROOT_CLASS = YES_ERROR;
				CLANG_WARN_QUOTED_INCLUDE_IN_FRAMEWORK_HEADER = YES;
				CLANG_WARN_RANGE_LOOP_ANALYSIS = YES;
				CLANG_WARN_STRICT_PROTOTYPES = YES;
				CLANG_WARN_SUSPICIOUS_MOVE = YES;
				CLANG_WARN_UNGUARDED_AVAILABILITY = YES_AGGRESSIVE;
				CLANG_WARN_UNREACHABLE_CODE = YES;
				CLANG_WARN__DUPLICATE_METHOD_MATCH = YES;
				COPY_PHASE_STRIP = NO;
				DEBUG_INFORMATION_FORMAT = "dwarf-with-dsym";
				ENABLE_NS_ASSERTIONS = NO;
				ENABLE_STRICT_OBJC_MSGSEND = YES;
				GCC_C_LANGUAGE_STANDARD = gnu11;
				GCC_NO_COMMON_BLOCKS = YES;
				GCC_WARN_64_TO_32_BIT_CONVERSION = YES;
				GCC_WARN_ABOUT_RETURN_TYPE = YES_ERROR;
				GCC_WARN_UNDECLARED_SELECTOR = YES;
				GCC_WARN_UNINITIALIZED_AUTOS = YES_AGGRESSIVE;
				GCC_WARN_UNUSED_FUNCTION = YES;
				GCC_WARN_UNUSED_VARIABLE = YES;
				IPHONEOS_DEPLOYMENT_TARGET = 16.2;
				MTL_ENABLE_DEBUG_INFO = NO;
				MTL_FAST_MATH = YES;
				SDKROOT = iphoneos;
				SWIFT_COMPILATION_MODE = wholemodule;
				SWIFT_OPTIMIZATION_LEVEL = "-O";
				VALIDATE_PRODUCT = YES;
			};
			name = Release;
		};
		40EDB83029652B280013A291 /* Debug */ = {
			isa = XCBuildConfiguration;
			buildSettings = {
				ASSETCATALOG_COMPILER_APPICON_NAME = AppIcon;
				ASSETCATALOG_COMPILER_GLOBAL_ACCENT_COLOR_NAME = AccentColor;
				CODE_SIGN_STYLE = Automatic;
				CURRENT_PROJECT_VERSION = 1;
				DEVELOPMENT_ASSET_PATHS = "\"TestDoubles/Preview Content\"";
				DEVELOPMENT_TEAM = ZM7Z6QL6F3;
				ENABLE_PREVIEWS = YES;
				GENERATE_INFOPLIST_FILE = YES;
				INFOPLIST_KEY_UIApplicationSceneManifest_Generation = YES;
				INFOPLIST_KEY_UIApplicationSupportsIndirectInputEvents = YES;
				INFOPLIST_KEY_UILaunchScreen_Generation = YES;
				INFOPLIST_KEY_UISupportedInterfaceOrientations_iPad = "UIInterfaceOrientationPortrait UIInterfaceOrientationPortraitUpsideDown UIInterfaceOrientationLandscapeLeft UIInterfaceOrientationLandscapeRight";
				INFOPLIST_KEY_UISupportedInterfaceOrientations_iPhone = "UIInterfaceOrientationPortrait UIInterfaceOrientationLandscapeLeft UIInterfaceOrientationLandscapeRight";
				LD_RUNPATH_SEARCH_PATHS = (
					"$(inherited)",
					"@executable_path/Frameworks",
				);
				MARKETING_VERSION = 1.0;
				PRODUCT_BUNDLE_IDENTIFIER = dev.iosmastery.TestDoubles;
				PRODUCT_NAME = "$(TARGET_NAME)";
				SWIFT_EMIT_LOC_STRINGS = YES;
				SWIFT_VERSION = 5.0;
				TARGETED_DEVICE_FAMILY = "1,2";
			};
			name = Debug;
		};
		40EDB83129652B280013A291 /* Release */ = {
			isa = XCBuildConfiguration;
			buildSettings = {
				ASSETCATALOG_COMPILER_APPICON_NAME = AppIcon;
				ASSETCATALOG_COMPILER_GLOBAL_ACCENT_COLOR_NAME = AccentColor;
				CODE_SIGN_STYLE = Automatic;
				CURRENT_PROJECT_VERSION = 1;
				DEVELOPMENT_ASSET_PATHS = "\"TestDoubles/Preview Content\"";
				DEVELOPMENT_TEAM = ZM7Z6QL6F3;
				ENABLE_PREVIEWS = YES;
				GENERATE_INFOPLIST_FILE = YES;
				INFOPLIST_KEY_UIApplicationSceneManifest_Generation = YES;
				INFOPLIST_KEY_UIApplicationSupportsIndirectInputEvents = YES;
				INFOPLIST_KEY_UILaunchScreen_Generation = YES;
				INFOPLIST_KEY_UISupportedInterfaceOrientations_iPad = "UIInterfaceOrientationPortrait UIInterfaceOrientationPortraitUpsideDown UIInterfaceOrientationLandscapeLeft UIInterfaceOrientationLandscapeRight";
				INFOPLIST_KEY_UISupportedInterfaceOrientations_iPhone = "UIInterfaceOrientationPortrait UIInterfaceOrientationLandscapeLeft UIInterfaceOrientationLandscapeRight";
				LD_RUNPATH_SEARCH_PATHS = (
					"$(inherited)",
					"@executable_path/Frameworks",
				);
				MARKETING_VERSION = 1.0;
				PRODUCT_BUNDLE_IDENTIFIER = dev.iosmastery.TestDoubles;
				PRODUCT_NAME = "$(TARGET_NAME)";
				SWIFT_EMIT_LOC_STRINGS = YES;
				SWIFT_VERSION = 5.0;
				TARGETED_DEVICE_FAMILY = "1,2";
			};
			name = Release;
		};
		40EDB83329652B280013A291 /* Debug */ = {
			isa = XCBuildConfiguration;
			buildSettings = {
				ALWAYS_EMBED_SWIFT_STANDARD_LIBRARIES = YES;
				BUNDLE_LOADER = "$(TEST_HOST)";
				CODE_SIGN_STYLE = Automatic;
				CURRENT_PROJECT_VERSION = 1;
				DEVELOPMENT_TEAM = ZM7Z6QL6F3;
				GENERATE_INFOPLIST_FILE = YES;
				IPHONEOS_DEPLOYMENT_TARGET = 16.2;
				MARKETING_VERSION = 1.0;
				PRODUCT_BUNDLE_IDENTIFIER = dev.iosmastery.TestDoublesTests;
				PRODUCT_NAME = "$(TARGET_NAME)";
				SWIFT_EMIT_LOC_STRINGS = NO;
				SWIFT_VERSION = 5.0;
				TARGETED_DEVICE_FAMILY = "1,2";
				TEST_HOST = "$(BUILT_PRODUCTS_DIR)/TestDoubles.app/$(BUNDLE_EXECUTABLE_FOLDER_PATH)/TestDoubles";
			};
			name = Debug;
		};
		40EDB83429652B280013A291 /* Release */ = {
			isa = XCBuildConfiguration;
			buildSettings = {
				ALWAYS_EMBED_SWIFT_STANDARD_LIBRARIES = YES;
				BUNDLE_LOADER = "$(TEST_HOST)";
				CODE_SIGN_STYLE = Automatic;
				CURRENT_PROJECT_VERSION = 1;
				DEVELOPMENT_TEAM = ZM7Z6QL6F3;
				GENERATE_INFOPLIST_FILE = YES;
				IPHONEOS_DEPLOYMENT_TARGET = 16.2;
				MARKETING_VERSION = 1.0;
				PRODUCT_BUNDLE_IDENTIFIER = dev.iosmastery.TestDoublesTests;
				PRODUCT_NAME = "$(TARGET_NAME)";
				SWIFT_EMIT_LOC_STRINGS = NO;
				SWIFT_VERSION = 5.0;
				TARGETED_DEVICE_FAMILY = "1,2";
				TEST_HOST = "$(BUILT_PRODUCTS_DIR)/TestDoubles.app/$(BUNDLE_EXECUTABLE_FOLDER_PATH)/TestDoubles";
			};
			name = Release;
		};
/* End XCBuildConfiguration section */

/* Begin XCConfigurationList section */
		40EDB80629652B270013A291 /* Build configuration list for PBXProject "TestDoubles" */ = {
			isa = XCConfigurationList;
			buildConfigurations = (
				40EDB82D29652B280013A291 /* Debug */,
				40EDB82E29652B280013A291 /* Release */,
			);
			defaultConfigurationIsVisible = 0;
			defaultConfigurationName = Release;
		};
		40EDB82F29652B280013A291 /* Build configuration list for PBXNativeTarget "TestDoubles" */ = {
			isa = XCConfigurationList;
			buildConfigurations = (
				40EDB83029652B280013A291 /* Debug */,
				40EDB83129652B280013A291 /* Release */,
			);
			defaultConfigurationIsVisible = 0;
			defaultConfigurationName = Release;
		};
		40EDB83229652B280013A291 /* Build configuration list for PBXNativeTarget "TestDoublesTests" */ = {
			isa = XCConfigurationList;
			buildConfigurations = (
				40EDB83329652B280013A291 /* Debug */,
				40EDB83429652B280013A291 /* Release */,
			);
			defaultConfigurationIsVisible = 0;
			defaultConfigurationName = Release;
		};
/* End XCConfigurationList section */
	};
	rootObject = 40EDB80329652B270013A291 /* Project object */;
}
